
Microsoft Visual Studio Solution File, Format Version 12.00
# Visual Studio Version 16
VisualStudioVersion = 16.0.30204.135
MinimumVisualStudioVersion = 10.0.40219.1
Project("{FAE04EC0-301F-11D3-BF4B-00C04F79EFBC}") = "ToDue", "ToDue.csproj", "{E9EAA516-7137-4CE8-8757-67272AFE1C84}"
EndProject
Project("{2150E333-8FDC-42A3-9474-1A3956D46DE8}") = "Solution Items", "Solution Items", "{5C779A20-ADAF-4324-BE3C-C4DADEBC46EE}"
EndProject
Project("{9A19103F-16F7-4668-BE54-9A1E7A4F7556}") = "ToDue2", "ToDue2\ToDue2.csproj", "{23E7FA0C-B696-4436-883F-0A589DBE0C0B}"
EndProject
Global
	GlobalSection(SolutionConfigurationPlatforms) = preSolution
		Debug|Any CPU = Debug|Any CPU
		Release|Any CPU = Release|Any CPU
	EndGlobalSection
	GlobalSection(ProjectConfigurationPlatforms) = postSolution
		{E9EAA516-7137-4CE8-8757-67272AFE1C84}.Debug|Any CPU.ActiveCfg = Debug|Any CPU
		{E9EAA516-7137-4CE8-8757-67272AFE1C84}.Debug|Any CPU.Build.0 = Debug|Any CPU
		{E9EAA516-7137-4CE8-8757-67272AFE1C84}.Release|Any CPU.ActiveCfg = Release|Any CPU
		{E9EAA516-7137-4CE8-8757-67272AFE1C84}.Release|Any CPU.Build.0 = Release|Any CPU
		{23E7FA0C-B696-4436-883F-0A589DBE0C0B}.Debug|Any CPU.ActiveCfg = Debug|Any CPU
		{23E7FA0C-B696-4436-883F-0A589DBE0C0B}.Debug|Any CPU.Build.0 = Debug|Any CPU
		{23E7FA0C-B696-4436-883F-0A589DBE0C0B}.Release|Any CPU.ActiveCfg = Release|Any CPU
		{23E7FA0C-B696-4436-883F-0A589DBE0C0B}.Release|Any CPU.Build.0 = Release|Any CPU
	EndGlobalSection
	GlobalSection(SolutionProperties) = preSolution
		HideSolutionNode = FALSE
	EndGlobalSection
	GlobalSection(ExtensibilityGlobals) = postSolution
		SolutionGuid = {A916CF9D-DE0D-4A53-B3E3-84DA4CF887DE}
	EndGlobalSection
EndGlobal
